
Microsoft Visual Studio Solution File, Format Version 12.00
# Visual Studio 15
VisualStudioVersion = 15.0.28307.489
MinimumVisualStudioVersion = 10.0.40219.1
Project("{FAE04EC0-301F-11D3-BF4B-00C04F79EFBC}") = "Cap4_Ex05", "Cap4_Ex05\Cap4_Ex05.csproj", "{89DAA566-3C46-4ACC-B03A-24E250E3F0E6}"
EndProject
Global
	GlobalSection(SolutionConfigurationPlatforms) = preSolution
		Debug|Any CPU = Debug|Any CPU
		Release|Any CPU = Release|Any CPU
	EndGlobalSection
	GlobalSection(ProjectConfigurationPlatforms) = postSolution
		{89DAA566-3C46-4ACC-B03A-24E250E3F0E6}.Debug|Any CPU.ActiveCfg = Debug|Any CPU
		{89DAA566-3C46-4ACC-B03A-24E250E3F0E6}.Debug|Any CPU.Build.0 = Debug|Any CPU
		{89DAA566-3C46-4ACC-B03A-24E250E3F0E6}.Release|Any CPU.ActiveCfg = Release|Any CPU
		{89DAA566-3C46-4ACC-B03A-24E250E3F0E6}.Release|Any CPU.Build.0 = Release|Any CPU
	EndGlobalSection
	GlobalSection(SolutionProperties) = preSolution
		HideSolutionNode = FALSE
	EndGlobalSection
	GlobalSection(ExtensibilityGlobals) = postSolution
		SolutionGuid = {FEC3A129-88BA-434B-BE50-9202AC17CB66}
	EndGlobalSection
EndGlobal
