
Microsoft Visual Studio Solution File, Format Version 12.00
# Visual Studio 15
VisualStudioVersion = 15.0.28307.489
MinimumVisualStudioVersion = 10.0.40219.1
Project("{FAE04EC0-301F-11D3-BF4B-00C04F79EFBC}") = "Cap6_Ex04", "Cap6_Ex04\Cap6_Ex04.csproj", "{1FD6E434-37DF-4232-91F9-1E70B6B7035F}"
EndProject
Global
	GlobalSection(SolutionConfigurationPlatforms) = preSolution
		Debug|Any CPU = Debug|Any CPU
		Release|Any CPU = Release|Any CPU
	EndGlobalSection
	GlobalSection(ProjectConfigurationPlatforms) = postSolution
		{1FD6E434-37DF-4232-91F9-1E70B6B7035F}.Debug|Any CPU.ActiveCfg = Debug|Any CPU
		{1FD6E434-37DF-4232-91F9-1E70B6B7035F}.Debug|Any CPU.Build.0 = Debug|Any CPU
		{1FD6E434-37DF-4232-91F9-1E70B6B7035F}.Release|Any CPU.ActiveCfg = Release|Any CPU
		{1FD6E434-37DF-4232-91F9-1E70B6B7035F}.Release|Any CPU.Build.0 = Release|Any CPU
	EndGlobalSection
	GlobalSection(SolutionProperties) = preSolution
		HideSolutionNode = FALSE
	EndGlobalSection
	GlobalSection(ExtensibilityGlobals) = postSolution
		SolutionGuid = {87D64EB6-883C-41C9-B5E0-0ECDE50902EE}
	EndGlobalSection
EndGlobal
