
Microsoft Visual Studio Solution File, Format Version 12.00
# Visual Studio 15
VisualStudioVersion = 15.0.28307.489
MinimumVisualStudioVersion = 10.0.40219.1
Project("{FAE04EC0-301F-11D3-BF4B-00C04F79EFBC}") = "Cap6_Ex_Fix07", "Cap6_Ex_Fix07\Cap6_Ex_Fix07.csproj", "{B4BE81E6-B3A6-492B-BB1D-316AB859D810}"
EndProject
Global
	GlobalSection(SolutionConfigurationPlatforms) = preSolution
		Debug|Any CPU = Debug|Any CPU
		Release|Any CPU = Release|Any CPU
	EndGlobalSection
	GlobalSection(ProjectConfigurationPlatforms) = postSolution
		{B4BE81E6-B3A6-492B-BB1D-316AB859D810}.Debug|Any CPU.ActiveCfg = Debug|Any CPU
		{B4BE81E6-B3A6-492B-BB1D-316AB859D810}.Debug|Any CPU.Build.0 = Debug|Any CPU
		{B4BE81E6-B3A6-492B-BB1D-316AB859D810}.Release|Any CPU.ActiveCfg = Release|Any CPU
		{B4BE81E6-B3A6-492B-BB1D-316AB859D810}.Release|Any CPU.Build.0 = Release|Any CPU
	EndGlobalSection
	GlobalSection(SolutionProperties) = preSolution
		HideSolutionNode = FALSE
	EndGlobalSection
	GlobalSection(ExtensibilityGlobals) = postSolution
		SolutionGuid = {099158E2-B1C2-4390-B37E-413B67BB561A}
	EndGlobalSection
EndGlobal
