
Microsoft Visual Studio Solution File, Format Version 12.00
# Visual Studio 15
VisualStudioVersion = 15.0.28307.489
MinimumVisualStudioVersion = 10.0.40219.1
Project("{FAE04EC0-301F-11D3-BF4B-00C04F79EFBC}") = "Cap2_Ex_Fix02", "Cap2_Ex_Fix02\Cap2_Ex_Fix02.csproj", "{CE0E5FBC-1463-4A18-B67A-D81FB0F79257}"
EndProject
Global
	GlobalSection(SolutionConfigurationPlatforms) = preSolution
		Debug|Any CPU = Debug|Any CPU
		Release|Any CPU = Release|Any CPU
	EndGlobalSection
	GlobalSection(ProjectConfigurationPlatforms) = postSolution
		{CE0E5FBC-1463-4A18-B67A-D81FB0F79257}.Debug|Any CPU.ActiveCfg = Debug|Any CPU
		{CE0E5FBC-1463-4A18-B67A-D81FB0F79257}.Debug|Any CPU.Build.0 = Debug|Any CPU
		{CE0E5FBC-1463-4A18-B67A-D81FB0F79257}.Release|Any CPU.ActiveCfg = Release|Any CPU
		{CE0E5FBC-1463-4A18-B67A-D81FB0F79257}.Release|Any CPU.Build.0 = Release|Any CPU
	EndGlobalSection
	GlobalSection(SolutionProperties) = preSolution
		HideSolutionNode = FALSE
	EndGlobalSection
	GlobalSection(ExtensibilityGlobals) = postSolution
		SolutionGuid = {B8F7CD34-1B82-40E6-994F-0F10B7234ECF}
	EndGlobalSection
EndGlobal
