
Microsoft Visual Studio Solution File, Format Version 12.00
# Visual Studio 15
VisualStudioVersion = 15.0.28307.489
MinimumVisualStudioVersion = 10.0.40219.1
Project("{FAE04EC0-301F-11D3-BF4B-00C04F79EFBC}") = "Cap2_Ex03", "Cap2_Ex03\Cap2_Ex03.csproj", "{1A0B4DA7-03A6-4BA6-AB04-32D6E97AE9E4}"
EndProject
Global
	GlobalSection(SolutionConfigurationPlatforms) = preSolution
		Debug|Any CPU = Debug|Any CPU
		Release|Any CPU = Release|Any CPU
	EndGlobalSection
	GlobalSection(ProjectConfigurationPlatforms) = postSolution
		{1A0B4DA7-03A6-4BA6-AB04-32D6E97AE9E4}.Debug|Any CPU.ActiveCfg = Debug|Any CPU
		{1A0B4DA7-03A6-4BA6-AB04-32D6E97AE9E4}.Debug|Any CPU.Build.0 = Debug|Any CPU
		{1A0B4DA7-03A6-4BA6-AB04-32D6E97AE9E4}.Release|Any CPU.ActiveCfg = Release|Any CPU
		{1A0B4DA7-03A6-4BA6-AB04-32D6E97AE9E4}.Release|Any CPU.Build.0 = Release|Any CPU
	EndGlobalSection
	GlobalSection(SolutionProperties) = preSolution
		HideSolutionNode = FALSE
	EndGlobalSection
	GlobalSection(ExtensibilityGlobals) = postSolution
		SolutionGuid = {48249FA2-D8A1-4A34-B427-5A55F37BADB2}
	EndGlobalSection
EndGlobal
