
Microsoft Visual Studio Solution File, Format Version 12.00
# Visual Studio 15
VisualStudioVersion = 15.0.28307.489
MinimumVisualStudioVersion = 10.0.40219.1
Project("{FAE04EC0-301F-11D3-BF4B-00C04F79EFBC}") = "Cap3_Ex_Fix01", "Cap3_Ex_Fix01\Cap3_Ex_Fix01.csproj", "{7B43759E-8C08-4A4B-97F0-E869B6A7986B}"
EndProject
Global
	GlobalSection(SolutionConfigurationPlatforms) = preSolution
		Debug|Any CPU = Debug|Any CPU
		Release|Any CPU = Release|Any CPU
	EndGlobalSection
	GlobalSection(ProjectConfigurationPlatforms) = postSolution
		{7B43759E-8C08-4A4B-97F0-E869B6A7986B}.Debug|Any CPU.ActiveCfg = Debug|Any CPU
		{7B43759E-8C08-4A4B-97F0-E869B6A7986B}.Debug|Any CPU.Build.0 = Debug|Any CPU
		{7B43759E-8C08-4A4B-97F0-E869B6A7986B}.Release|Any CPU.ActiveCfg = Release|Any CPU
		{7B43759E-8C08-4A4B-97F0-E869B6A7986B}.Release|Any CPU.Build.0 = Release|Any CPU
	EndGlobalSection
	GlobalSection(SolutionProperties) = preSolution
		HideSolutionNode = FALSE
	EndGlobalSection
	GlobalSection(ExtensibilityGlobals) = postSolution
		SolutionGuid = {84ADAC00-FD04-4126-AA49-68B8367ED9EA}
	EndGlobalSection
EndGlobal
