
Microsoft Visual Studio Solution File, Format Version 12.00
# Visual Studio 15
VisualStudioVersion = 15.0.28307.489
MinimumVisualStudioVersion = 10.0.40219.1
Project("{FAE04EC0-301F-11D3-BF4B-00C04F79EFBC}") = "Cap4_Ex06", "Cap4_Ex06\Cap4_Ex06.csproj", "{70337191-D8D7-47D4-869B-FC42CCC739DA}"
EndProject
Global
	GlobalSection(SolutionConfigurationPlatforms) = preSolution
		Debug|Any CPU = Debug|Any CPU
		Release|Any CPU = Release|Any CPU
	EndGlobalSection
	GlobalSection(ProjectConfigurationPlatforms) = postSolution
		{70337191-D8D7-47D4-869B-FC42CCC739DA}.Debug|Any CPU.ActiveCfg = Debug|Any CPU
		{70337191-D8D7-47D4-869B-FC42CCC739DA}.Debug|Any CPU.Build.0 = Debug|Any CPU
		{70337191-D8D7-47D4-869B-FC42CCC739DA}.Release|Any CPU.ActiveCfg = Release|Any CPU
		{70337191-D8D7-47D4-869B-FC42CCC739DA}.Release|Any CPU.Build.0 = Release|Any CPU
	EndGlobalSection
	GlobalSection(SolutionProperties) = preSolution
		HideSolutionNode = FALSE
	EndGlobalSection
	GlobalSection(ExtensibilityGlobals) = postSolution
		SolutionGuid = {C83D6215-202F-4D83-B516-019A70F82B32}
	EndGlobalSection
EndGlobal
