
Microsoft Visual Studio Solution File, Format Version 12.00
# Visual Studio 15
VisualStudioVersion = 15.0.28307.489
MinimumVisualStudioVersion = 10.0.40219.1
Project("{FAE04EC0-301F-11D3-BF4B-00C04F79EFBC}") = "Cap3_Ex10", "Cap3_Ex10\Cap3_Ex10.csproj", "{1C8F4018-FD12-40C8-A3DF-1044A7C12AF2}"
EndProject
Global
	GlobalSection(SolutionConfigurationPlatforms) = preSolution
		Debug|Any CPU = Debug|Any CPU
		Release|Any CPU = Release|Any CPU
	EndGlobalSection
	GlobalSection(ProjectConfigurationPlatforms) = postSolution
		{1C8F4018-FD12-40C8-A3DF-1044A7C12AF2}.Debug|Any CPU.ActiveCfg = Debug|Any CPU
		{1C8F4018-FD12-40C8-A3DF-1044A7C12AF2}.Debug|Any CPU.Build.0 = Debug|Any CPU
		{1C8F4018-FD12-40C8-A3DF-1044A7C12AF2}.Release|Any CPU.ActiveCfg = Release|Any CPU
		{1C8F4018-FD12-40C8-A3DF-1044A7C12AF2}.Release|Any CPU.Build.0 = Release|Any CPU
	EndGlobalSection
	GlobalSection(SolutionProperties) = preSolution
		HideSolutionNode = FALSE
	EndGlobalSection
	GlobalSection(ExtensibilityGlobals) = postSolution
		SolutionGuid = {691827FC-2B07-470E-9BBE-E4BDCA22001A}
	EndGlobalSection
EndGlobal
