
Microsoft Visual Studio Solution File, Format Version 12.00
# Visual Studio 15
VisualStudioVersion = 15.0.28307.489
MinimumVisualStudioVersion = 10.0.40219.1
Project("{FAE04EC0-301F-11D3-BF4B-00C04F79EFBC}") = "Cap3_Ex08", "Cap3_Ex08\Cap3_Ex08.csproj", "{3C54978F-F6ED-4B72-8054-AD03D28AC684}"
EndProject
Global
	GlobalSection(SolutionConfigurationPlatforms) = preSolution
		Debug|Any CPU = Debug|Any CPU
		Release|Any CPU = Release|Any CPU
	EndGlobalSection
	GlobalSection(ProjectConfigurationPlatforms) = postSolution
		{3C54978F-F6ED-4B72-8054-AD03D28AC684}.Debug|Any CPU.ActiveCfg = Debug|Any CPU
		{3C54978F-F6ED-4B72-8054-AD03D28AC684}.Debug|Any CPU.Build.0 = Debug|Any CPU
		{3C54978F-F6ED-4B72-8054-AD03D28AC684}.Release|Any CPU.ActiveCfg = Release|Any CPU
		{3C54978F-F6ED-4B72-8054-AD03D28AC684}.Release|Any CPU.Build.0 = Release|Any CPU
	EndGlobalSection
	GlobalSection(SolutionProperties) = preSolution
		HideSolutionNode = FALSE
	EndGlobalSection
	GlobalSection(ExtensibilityGlobals) = postSolution
		SolutionGuid = {02798B89-DD35-4CD8-ACCC-4654EC512062}
	EndGlobalSection
EndGlobal
